<?xml version="1.0" encoding="utf-8"?>
<Project ToolsVersion="4.0" xmlns="http://schemas.microsoft.com/developer/msbuild/2003">
  <ItemGroup>
    <Filter Include="win32">
      <UniqueIdentifier>{84a8ebd7-7cf0-47f6-b75e-d441df67da40}</UniqueIdentifier>
    </Filter>
    <Filter Include="resource">
      <UniqueIdentifier>{715254bc-d70b-4ec5-bf29-467dd3ace079}</UniqueIdentifier>
    </Filter>
    <Filter Include="src">
      <UniqueIdentifier>{bb6c862e-70e9-49d9-81b7-3829a6f50471}</UniqueIdentifier>
    </Filter>
    <Filter Include="src\data">
      <UniqueIdentifier>{4fe7fe03-461b-4346-94f6-85ccff76b3c6}</UniqueIdentifier>
    </Filter>
    <Filter Include="src\controller">
      <UniqueIdentifier>{8a87b201-9383-4b12-9181-f8ffe51fd901}</UniqueIdentifier>
    </Filter>
    <Filter Include="src\main">
      <UniqueIdentifier>{bd7910f3-7e4f-43d6-ab73-9e64a60970e3}</UniqueIdentifier>
    </Filter>
    <Filter Include="src\view">
      <UniqueIdentifier>{672bf287-5487-4bed-bf7f-5d78489d05c7}</UniqueIdentifier>
    </Filter>
    <Filter Include="src\controller\collision">
      <UniqueIdentifier>{c5989fba-8504-4852-a060-5da6057a9262}</UniqueIdentifier>
    </Filter>
    <Filter Include="src\data\gamestate">
      <UniqueIdentifier>{f9c48a02-2755-41db-9968-71aac86433f5}</UniqueIdentifier>
    </Filter>
    <Filter Include="src\data\projectiles">
      <UniqueIdentifier>{587e99a5-8a1c-471a-ae17-911ea0602177}</UniqueIdentifier>
    </Filter>
    <Filter Include="src\data\entities">
      <UniqueIdentifier>{57ca42e9-3abc-4cbd-9874-0ab98d40d988}</UniqueIdentifier>
    </Filter>
    <Filter Include="src\data\utils">
      <UniqueIdentifier>{24332592-74bb-43b6-aa12-9744ad943c33}</UniqueIdentifier>
    </Filter>
  </ItemGroup>
  <ItemGroup>
    <ClCompile Include="main.cpp">
      <Filter>win32</Filter>
    </ClCompile>
    <ClCompile Include="..\Classes\GameController.cpp">
      <Filter>src\controller</Filter>
    </ClCompile>
    <ClCompile Include="..\Classes\AppDelegate.cpp">
      <Filter>src\main</Filter>
    </ClCompile>
    <ClCompile Include="..\Classes\GameLayer.cpp">
      <Filter>src\view</Filter>
    </ClCompile>
    <ClCompile Include="..\Classes\GameSprite.cpp">
      <Filter>src\view</Filter>
    </ClCompile>
    <ClCompile Include="..\Classes\Player.cpp">
      <Filter>src\data</Filter>
    </ClCompile>
    <ClCompile Include="..\Classes\GameState.cpp">
      <Filter>src\data\gamestate</Filter>
    </ClCompile>
    <ClCompile Include="..\Classes\GameContext.cpp">
      <Filter>src\data\gamestate</Filter>
    </ClCompile>
    <ClCompile Include="..\Classes\GameState_Running.cpp">
      <Filter>src\data\gamestate</Filter>
    </ClCompile>
    <ClCompile Include="..\Classes\MenuScene.cpp">
      <Filter>src\view</Filter>
    </ClCompile>
    <ClCompile Include="..\Classes\GameMap.cpp">
      <Filter>src\data</Filter>
    </ClCompile>
    <ClCompile Include="..\Classes\MapScene.cpp">
      <Filter>src\view</Filter>
    </ClCompile>
    <ClCompile Include="..\Classes\NadeProjectile.cpp">
      <Filter>src\data\projectiles</Filter>
    </ClCompile>
    <ClCompile Include="..\Classes\Projectile.cpp">
      <Filter>src\data\projectiles</Filter>
    </ClCompile>
    <ClCompile Include="..\Classes\ProjectileFactory.cpp">
      <Filter>src\data\projectiles</Filter>
    </ClCompile>
    <ClCompile Include="..\Classes\Entity.cpp">
      <Filter>src\data\entities</Filter>
    </ClCompile>
    <ClCompile Include="..\Classes\WormEntity.cpp">
      <Filter>src\data\entities</Filter>
    </ClCompile>
    <ClCompile Include="..\Classes\ImageLoader.cpp">
      <Filter>src\data\utils</Filter>
    </ClCompile>
    <ClCompile Include="..\Classes\Ground.cpp">
      <Filter>src\data</Filter>
    </ClCompile>
  </ItemGroup>
  <ItemGroup>
    <ClInclude Include="main.h">
      <Filter>win32</Filter>
    </ClInclude>
    <ClInclude Include="..\Classes\GameController.h">
      <Filter>src\controller</Filter>
    </ClInclude>
    <ClInclude Include="..\Classes\AppDelegate.h">
      <Filter>src\main</Filter>
    </ClInclude>
    <ClInclude Include="..\Classes\GameLayer.h">
      <Filter>src\view</Filter>
    </ClInclude>
    <ClInclude Include="..\Classes\GameSprite.h">
      <Filter>src\view</Filter>
    </ClInclude>
    <ClInclude Include="..\Classes\Player.h">
      <Filter>src\data</Filter>
    </ClInclude>
    <ClInclude Include="..\Classes\GameState.h">
      <Filter>src\data\gamestate</Filter>
    </ClInclude>
    <ClInclude Include="..\Classes\GameContext.h">
      <Filter>src\data\gamestate</Filter>
    </ClInclude>
    <ClInclude Include="..\Classes\GameState_Running.h">
      <Filter>src\data\gamestate</Filter>
    </ClInclude>
    <ClInclude Include="..\Classes\MenuScene.h">
      <Filter>src\view</Filter>
    </ClInclude>
    <ClInclude Include="..\Classes\GameMap.h">
      <Filter>src\data</Filter>
    </ClInclude>
    <ClInclude Include="..\Classes\MapScene.h">
      <Filter>src\view</Filter>
    </ClInclude>
    <ClInclude Include="..\Classes\NadeProjectile.h">
      <Filter>src\data\projectiles</Filter>
    </ClInclude>
    <ClInclude Include="..\Classes\Projectile.h">
      <Filter>src\data\projectiles</Filter>
    </ClInclude>
    <ClInclude Include="..\Classes\ProjectileFactory.h">
      <Filter>src\data\projectiles</Filter>
    </ClInclude>
    <ClInclude Include="..\Classes\Entity.h">
      <Filter>src\data\entities</Filter>
    </ClInclude>
    <ClInclude Include="..\Classes\WormEntity.h">
      <Filter>src\data\entities</Filter>
    </ClInclude>
    <ClInclude Include="..\Classes\ImageLoader.h">
      <Filter>src\data\utils</Filter>
    </ClInclude>
    <ClInclude Include="..\Classes\Ground.h">
      <Filter>src\data</Filter>
    </ClInclude>
  </ItemGroup>
  <ItemGroup>
    <ResourceCompile Include="game.rc">
      <Filter>resource</Filter>
    </ResourceCompile>
  </ItemGroup>
  <ItemGroup>
    <Image Include="..\Resources\res\ball.png">
      <Filter>resource</Filter>
    </Image>
    <Image Include="..\Resources\res\box.png">
      <Filter>resource</Filter>
    </Image>
    <Image Include="..\Resources\res\ground.png">
      <Filter>resource</Filter>
    </Image>
  </ItemGroup>
</Project>